Microsoft Visual Studio Solution File, Format Version 12.00
# Visual Studio Version 17
VisualStudioVersion = 17.5.2.0
MinimumVisualStudioVersion = 10.0.40219.1
Project("{2150E333-8FDC-42A3-9474-1A3956D46DE8}") = "backend", "backend", "{1AE8ACA6-933B-BF2A-3671-3E2EAC007D16}"
EndProject
Project("{FAE04EC0-301F-11D3-BF4B-00C04F79EFBC}") = "RestaurantReservation.API", "API\API.csproj", "{04018B77-6A66-2FE8-94AB-EC2B65751D77}"
EndProject
Project("{FAE04EC0-301F-11D3-BF4B-00C04F79EFBC}") = "RestaurantReservation.Application", "Application\Application.csproj", "{655814E1-A569-752A-1FD6-CF2636AFB28F}"
EndProject
Project("{FAE04EC0-301F-11D3-BF4B-00C04F79EFBC}") = "RestaurantReservation.Domain", "Domain\Domain.csproj", "{A2CA0610-1843-DBFA-30F1-483522DCB23C}"
EndProject
Project("{FAE04EC0-301F-11D3-BF4B-00C04F79EFBC}") = "RestaurantReservation.Infrastructure", "Infrastructure\Infrastructure.csproj", "{48372C8A-C5B1-E864-E394-216A8DB5F30B}"
EndProject
Project("{FAE04EC0-301F-11D3-BF4B-00C04F79EFBC}") = "RestaurantReservation.API.Tests", "API.Tests\API.Tests.csproj", "{8E1C4C6E-9F5D-4F1E-9B8F-8C1A3E6D6F77}"
EndProject
Global
	GlobalSection(SolutionConfigurationPlatforms) = preSolution
		Debug|Any CPU = Debug|Any CPU
		Release|Any CPU = Release|Any CPU
	EndGlobalSection
	GlobalSection(ProjectConfigurationPlatforms) = postSolution
		{04018B77-6A66-2FE8-94AB-EC2B65751D77}.Debug|Any CPU.ActiveCfg = Debug|Any CPU
		{04018B77-6A66-2FE8-94AB-EC2B65751D77}.Debug|Any CPU.Build.0 = Debug|Any CPU
		{04018B77-6A66-2FE8-94AB-EC2B65751D77}.Release|Any CPU.ActiveCfg = Release|Any CPU
		{04018B77-6A66-2FE8-94AB-EC2B65751D77}.Release|Any CPU.Build.0 = Release|Any CPU
		{655814E1-A569-752A-1FD6-CF2636AFB28F}.Debug|Any CPU.ActiveCfg = Debug|Any CPU
		{655814E1-A569-752A-1FD6-CF2636AFB28F}.Debug|Any CPU.Build.0 = Debug|Any CPU
		{655814E1-A569-752A-1FD6-CF2636AFB28F}.Release|Any CPU.ActiveCfg = Release|Any CPU
		{655814E1-A569-752A-1FD6-CF2636AFB28F}.Release|Any CPU.Build.0 = Release|Any CPU
		{A2CA0610-1843-DBFA-30F1-483522DCB23C}.Debug|Any CPU.ActiveCfg = Debug|Any CPU
		{A2CA0610-1843-DBFA-30F1-483522DCB23C}.Debug|Any CPU.Build.0 = Debug|Any CPU
		{A2CA0610-1843-DBFA-30F1-483522DCB23C}.Release|Any CPU.ActiveCfg = Release|Any CPU
		{A2CA0610-1843-DBFA-30F1-483522DCB23C}.Release|Any CPU.Build.0 = Release|Any CPU
		{48372C8A-C5B1-E864-E394-216A8DB5F30B}.Debug|Any CPU.ActiveCfg = Debug|Any CPU
		{48372C8A-C5B1-E864-E394-216A8DB5F30B}.Debug|Any CPU.Build.0 = Debug|Any CPU
		{48372C8A-C5B1-E864-E394-216A8DB5F30B}.Release|Any CPU.ActiveCfg = Release|Any CPU
		{48372C8A-C5B1-E864-E394-216A8DB5F30B}.Release|Any CPU.Build.0 = Release|Any CPU
		{8E1C4C6E-9F5D-4F1E-9B8F-8C1A3E6D6F77}.Debug|Any CPU.ActiveCfg = Debug|Any CPU
		{8E1C4C6E-9F5D-4F1E-9B8F-8C1A3E6D6F77}.Debug|Any CPU.Build.0 = Debug|Any CPU
		{8E1C4C6E-9F5D-4F1E-9B8F-8C1A3E6D6F77}.Release|Any CPU.ActiveCfg = Release|Any CPU
		{8E1C4C6E-9F5D-4F1E-9B8F-8C1A3E6D6F77}.Release|Any CPU.Build.0 = Release|Any CPU
	EndGlobalSection
	GlobalSection(SolutionProperties) = preSolution
		HideSolutionNode = FALSE
	EndGlobalSection
	GlobalSection(NestedProjects) = preSolution
		{04018B77-6A66-2FE8-94AB-EC2B65751D77} = {1AE8ACA6-933B-BF2A-3671-3E2EAC007D16}
		{655814E1-A569-752A-1FD6-CF2636AFB28F} = {1AE8ACA6-933B-BF2A-3671-3E2EAC007D16}
		{A2CA0610-1843-DBFA-30F1-483522DCB23C} = {1AE8ACA6-933B-BF2A-3671-3E2EAC007D16}
		{48372C8A-C5B1-E864-E394-216A8DB5F30B} = {1AE8ACA6-933B-BF2A-3671-3E2EAC007D16}
		{8E1C4C6E-9F5D-4F1E-9B8F-8C1A3E6D6F77} = {1AE8ACA6-933B-BF2A-3671-3E2EAC007D16}
	EndGlobalSection
	GlobalSection(ExtensibilityGlobals) = postSolution
		SolutionGuid = {FF86E70A-0333-4E91-ACA1-D89DE9C64069}
	EndGlobalSection
EndGlobal
